// !$*UTF8*$!
{
	archiveVersion = 1;
	classes = {
	};
	objectVersion = 46;
	objects = {

/* Begin PBXBuildFile section */
		4280C8AA1934384600BA2570 /* Foundation.framework in Frameworks */ = {isa = PBXBuildFile; fileRef = 4280C8A91934384600BA2570 /* Foundation.framework */; };
		4280C8AC1934384600BA2570 /* CoreGraphics.framework in Frameworks */ = {isa = PBXBuildFile; fileRef = 4280C8AB1934384600BA2570 /* CoreGraphics.framework */; };
		4280C8AE1934384600BA2570 /* UIKit.framework in Frameworks */ = {isa = PBXBuildFile; fileRef = 4280C8AD1934384600BA2570 /* UIKit.framework */; };
		4280C8B41934384600BA2570 /* InfoPlist.strings in Resources */ = {isa = PBXBuildFile; fileRef = 4280C8B21934384600BA2570 /* InfoPlist.strings */; };
		4280C8B61934384600BA2570 /* main.m in Sources */ = {isa = PBXBuildFile; fileRef = 4280C8B51934384600BA2570 /* main.m */; };
		4280C8BA1934384600BA2570 /* AppDelegate.m in Sources */ = {isa = PBXBuildFile; fileRef = 4280C8B91934384600BA2570 /* AppDelegate.m */; };
		4280C8BD1934384600BA2570 /* Main_iPhone.storyboard in Resources */ = {isa = PBXBuildFile; fileRef = 4280C8BB1934384600BA2570 /* Main_iPhone.storyboard */; };
		4280C8C01934384600BA2570 /* Main_iPad.storyboard in Resources */ = {isa = PBXBuildFile; fileRef = 4280C8BE1934384600BA2570 /* Main_iPad.storyboard */; };
		4280C8C31934384600BA2570 /* ViewController.m in Sources */ = {isa = PBXBuildFile; fileRef = 4280C8C21934384600BA2570 /* ViewController.m */; };
		4280C8C51934384600BA2570 /* Images.xcassets in Resources */ = {isa = PBXBuildFile; fileRef = 4280C8C41934384600BA2570 /* Images.xcassets */; };
		4280C8CC1934384600BA2570 /* XCTest.framework in Frameworks */ = {isa = PBXBuildFile; fileRef = 4280C8CB1934384600BA2570 /* XCTest.framework */; };
		4280C8CD1934384600BA2570 /* Foundation.framework in Frameworks */ = {isa = PBXBuildFile; fileRef = 4280C8A91934384600BA2570 /* Foundation.framework */; };
		4280C8CE1934384600BA2570 /* UIKit.framework in Frameworks */ = {isa = PBXBuildFile; fileRef = 4280C8AD1934384600BA2570 /* UIKit.framework */; };
		4280C8D61934384600BA2570 /* InfoPlist.strings in Resources */ = {isa = PBXBuildFile; fileRef = 4280C8D41934384600BA2570 /* InfoPlist.strings */; };
		4280C8D81934384600BA2570 /* CardHeroesTests.m in Sources */ = {isa = PBXBuildFile; fileRef = 4280C8D71934384600BA2570 /* CardHeroesTests.m */; };
/* End PBXBuildFile section */

/* Begin PBXContainerItemProxy section */
		4280C8CF1934384600BA2570 /* PBXContainerItemProxy */ = {
			isa = PBXContainerItemProxy;
			containerPortal = 4280C89E1934384600BA2570 /* Project object */;
			proxyType = 1;
			remoteGlobalIDString = 4280C8A51934384600BA2570;
			remoteInfo = CardHeroes;
		};
/* End PBXContainerItemProxy section */

/* Begin PBXFileReference section */
		4280C8A61934384600BA2570 /* CardHeroes.app */ = {isa = PBXFileReference; explicitFileType = wrapper.application; includeInIndex = 0; path = CardHeroes.app; sourceTree = BUILT_PRODUCTS_DIR; };
		4280C8A91934384600BA2570 /* Foundation.framework */ = {isa = PBXFileReference; lastKnownFileType = wrapper.framework; name = Foundation.framework; path = System/Library/Frameworks/Foundation.framework; sourceTree = SDKROOT; };
		4280C8AB1934384600BA2570 /* CoreGraphics.framework */ = {isa = PBXFileReference; lastKnownFileType = wrapper.framework; name = CoreGraphics.framework; path = System/Library/Frameworks/CoreGraphics.framework; sourceTree = SDKROOT; };
		4280C8AD1934384600BA2570 /* UIKit.framework */ = {isa = PBXFileReference; lastKnownFileType = wrapper.framework; name = UIKit.framework; path = System/Library/Frameworks/UIKit.framework; sourceTree = SDKROOT; };
		4280C8B11934384600BA2570 /* CardHeroes-Info.plist */ = {isa = PBXFileReference; lastKnownFileType = text.plist.xml; path = "CardHeroes-Info.plist"; sourceTree = "<group>"; };
		4280C8B31934384600BA2570 /* en */ = {isa = PBXFileReference; lastKnownFileType = text.plist.strings; name = en; path = en.lproj/InfoPlist.strings; sourceTree = "<group>"; };
		4280C8B51934384600BA2570 /* main.m */ = {isa = PBXFileReference; lastKnownFileType = sourcecode.c.objc; path = main.m; sourceTree = "<group>"; };
		4280C8B71934384600BA2570 /* CardHeroes-Prefix.pch */ = {isa = PBXFileReference; lastKnownFileType = sourcecode.c.h; path = "CardHeroes-Prefix.pch"; sourceTree = "<group>"; };
		4280C8B81934384600BA2570 /* AppDelegate.h */ = {isa = PBXFileReference; lastKnownFileType = sourcecode.c.h; path = AppDelegate.h; sourceTree = "<group>"; };
		4280C8B91934384600BA2570 /* AppDelegate.m */ = {isa = PBXFileReference; lastKnownFileType = sourcecode.c.objc; path = AppDelegate.m; sourceTree = "<group>"; };
		4280C8BC1934384600BA2570 /* Base */ = {isa = PBXFileReference; lastKnownFileType = file.storyboard; name = Base; path = Base.lproj/Main_iPhone.storyboard; sourceTree = "<group>"; };
		4280C8BF1934384600BA2570 /* Base */ = {isa = PBXFileReference; lastKnownFileType = file.storyboard; name = Base; path = Base.lproj/Main_iPad.storyboard; sourceTree = "<group>"; };
		4280C8C11934384600BA2570 /* ViewController.h */ = {isa = PBXFileReference; lastKnownFileType = sourcecode.c.h; path = ViewController.h; sourceTree = "<group>"; };
		4280C8C21934384600BA2570 /* ViewController.m */ = {isa = PBXFileReference; lastKnownFileType = sourcecode.c.objc; path = ViewController.m; sourceTree = "<group>"; };
		4280C8C41934384600BA2570 /* Images.xcassets */ = {isa = PBXFileReference; lastKnownFileType = folder.assetcatalog; path = Images.xcassets; sourceTree = "<group>"; };
		4280C8CA1934384600BA2570 /* CardHeroesTests.xctest */ = {isa = PBXFileReference; explicitFileType = wrapper.cfbundle; includeInIndex = 0; path = CardHeroesTests.xctest; sourceTree = BUILT_PRODUCTS_DIR; };
		4280C8CB1934384600BA2570 /* XCTest.framework */ = {isa = PBXFileReference; lastKnownFileType = wrapper.framework; name = XCTest.framework; path = Library/Frameworks/XCTest.framework; sourceTree = DEVELOPER_DIR; };
		4280C8D31934384600BA2570 /* CardHeroesTests-Info.plist */ = {isa = PBXFileReference; lastKnownFileType = text.plist.xml; path = "CardHeroesTests-Info.plist"; sourceTree = "<group>"; };
		4280C8D51934384600BA2570 /* en */ = {isa = PBXFileReference; lastKnownFileType = text.plist.strings; name = en; path = en.lproj/InfoPlist.strings; sourceTree = "<group>"; };
		4280C8D71934384600BA2570 /* CardHeroesTests.m */ = {isa = PBXFileReference; lastKnownFileType = sourcecode.c.objc; path = CardHeroesTests.m; sourceTree = "<group>"; };
/* End PBXFileReference section */

/* Begin PBXFrameworksBuildPhase section */
		4280C8A31934384600BA2570 /* Frameworks */ = {
			isa = PBXFrameworksBuildPhase;
			buildActionMask = 2147483647;
			files = (
				4280C8AC1934384600BA2570 /* CoreGraphics.framework in Frameworks */,
				4280C8AE1934384600BA2570 /* UIKit.framework in Frameworks */,
				4280C8AA1934384600BA2570 /* Foundation.framework in Frameworks */,
			);
			runOnlyForDeploymentPostprocessing = 0;
		};
		4280C8C71934384600BA2570 /* Frameworks */ = {
			isa = PBXFrameworksBuildPhase;
			buildActionMask = 2147483647;
			files = (
				4280C8CC1934384600BA2570 /* XCTest.framework in Frameworks */,
				4280C8CE1934384600BA2570 /* UIKit.framework in Frameworks */,
				4280C8CD1934384600BA2570 /* Foundation.framework in Frameworks */,
			);
			runOnlyForDeploymentPostprocessing = 0;
		};
/* End PBXFrameworksBuildPhase section */

/* Begin PBXGroup section */
		4280C89D1934384600BA2570 = {
			isa = PBXGroup;
			children = (
				4280C8AF1934384600BA2570 /* CardHeroes */,
				4280C8D11934384600BA2570 /* CardHeroesTests */,
				4280C8A81934384600BA2570 /* Frameworks */,
				4280C8A71934384600BA2570 /* Products */,
			);
			sourceTree = "<group>";
		};
		4280C8A71934384600BA2570 /* Products */ = {
			isa = PBXGroup;
			children = (
				4280C8A61934384600BA2570 /* CardHeroes.app */,
				4280C8CA1934384600BA2570 /* CardHeroesTests.xctest */,
			);
			name = Products;
			sourceTree = "<group>";
		};
		4280C8A81934384600BA2570 /* Frameworks */ = {
			isa = PBXGroup;
			children = (
				4280C8A91934384600BA2570 /* Foundation.framework */,
				4280C8AB1934384600BA2570 /* CoreGraphics.framework */,
				4280C8AD1934384600BA2570 /* UIKit.framework */,
				4280C8CB1934384600BA2570 /* XCTest.framework */,
			);
			name = Frameworks;
			sourceTree = "<group>";
		};
		4280C8AF1934384600BA2570 /* CardHeroes */ = {
			isa = PBXGroup;
			children = (
				4280C8B81934384600BA2570 /* AppDelegate.h */,
				4280C8B91934384600BA2570 /* AppDelegate.m */,
				4280C8BB1934384600BA2570 /* Main_iPhone.storyboard */,
				4280C8BE1934384600BA2570 /* Main_iPad.storyboard */,
				4280C8C11934384600BA2570 /* ViewController.h */,
				4280C8C21934384600BA2570 /* ViewController.m */,
				4280C8C41934384600BA2570 /* Images.xcassets */,
				4280C8B01934384600BA2570 /* Supporting Files */,
			);
			path = CardHeroes;
			sourceTree = "<group>";
		};
		4280C8B01934384600BA2570 /* Supporting Files */ = {
			isa = PBXGroup;
			children = (
				4280C8B11934384600BA2570 /* CardHeroes-Info.plist */,
				4280C8B21934384600BA2570 /* InfoPlist.strings */,
				4280C8B51934384600BA2570 /* main.m */,
				4280C8B71934384600BA2570 /* CardHeroes-Prefix.pch */,
			);
			name = "Supporting Files";
			sourceTree = "<group>";
		};
		4280C8D11934384600BA2570 /* CardHeroesTests */ = {
			isa = PBXGroup;
			children = (
				4280C8D71934384600BA2570 /* CardHeroesTests.m */,
				4280C8D21934384600BA2570 /* Supporting Files */,
			);
			path = CardHeroesTests;
			sourceTree = "<group>";
		};
		4280C8D21934384600BA2570 /* Supporting Files */ = {
			isa = PBXGroup;
			children = (
				4280C8D31934384600BA2570 /* CardHeroesTests-Info.plist */,
				4280C8D41934384600BA2570 /* InfoPlist.strings */,
			);
			name = "Supporting Files";
			sourceTree = "<group>";
		};
/* End PBXGroup section */

/* Begin PBXNativeTarget section */
		4280C8A51934384600BA2570 /* CardHeroes */ = {
			isa = PBXNativeTarget;
			buildConfigurationList = 4280C8DB1934384600BA2570 /* Build configuration list for PBXNativeTarget "CardHeroes" */;
			buildPhases = (
				4280C8A21934384600BA2570 /* Sources */,
				4280C8A31934384600BA2570 /* Frameworks */,
				4280C8A41934384600BA2570 /* Resources */,
			);
			buildRules = (
			);
			dependencies = (
			);
			name = CardHeroes;
			productName = CardHeroes;
			productReference = 4280C8A61934384600BA2570 /* CardHeroes.app */;
			productType = "com.apple.product-type.application";
		};
		4280C8C91934384600BA2570 /* CardHeroesTests */ = {
			isa = PBXNativeTarget;
			buildConfigurationList = 4280C8DE1934384600BA2570 /* Build configuration list for PBXNativeTarget "CardHeroesTests" */;
			buildPhases = (
				4280C8C61934384600BA2570 /* Sources */,
				4280C8C71934384600BA2570 /* Frameworks */,
				4280C8C81934384600BA2570 /* Resources */,
			);
			buildRules = (
			);
			dependencies = (
				4280C8D01934384600BA2570 /* PBXTargetDependency */,
			);
			name = CardHeroesTests;
			productName = CardHeroesTests;
			productReference = 4280C8CA1934384600BA2570 /* CardHeroesTests.xctest */;
			productType = "com.apple.product-type.bundle.unit-test";
		};
/* End PBXNativeTarget section */

/* Begin PBXProject section */
		4280C89E1934384600BA2570 /* Project object */ = {
			isa = PBXProject;
			attributes = {
				LastUpgradeCheck = 0510;
				ORGANIZATIONNAME = COMP420;
				TargetAttributes = {
					4280C8C91934384600BA2570 = {
						TestTargetID = 4280C8A51934384600BA2570;
					};
				};
			};
			buildConfigurationList = 4280C8A11934384600BA2570 /* Build configuration list for PBXProject "CardHeroes" */;
			compatibilityVersion = "Xcode 3.2";
			developmentRegion = English;
			hasScannedForEncodings = 0;
			knownRegions = (
				en,
				Base,
			);
			mainGroup = 4280C89D1934384600BA2570;
			productRefGroup = 4280C8A71934384600BA2570 /* Products */;
			projectDirPath = "";
			projectRoot = "";
			targets = (
				4280C8A51934384600BA2570 /* CardHeroes */,
				4280C8C91934384600BA2570 /* CardHeroesTests */,
			);
		};
/* End PBXProject section */

/* Begin PBXResourcesBuildPhase section */
		4280C8A41934384600BA2570 /* Resources */ = {
			isa = PBXResourcesBuildPhase;
			buildActionMask = 2147483647;
			files = (
				4280C8C01934384600BA2570 /* Main_iPad.storyboard in Resources */,
				4280C8C51934384600BA2570 /* Images.xcassets in Resources */,
				4280C8BD1934384600BA2570 /* Main_iPhone.storyboard in Resources */,
				4280C8B41934384600BA2570 /* InfoPlist.strings in Resources */,
			);
			runOnlyForDeploymentPostprocessing = 0;
		};
		4280C8C81934384600BA2570 /* Resources */ = {
			isa = PBXResourcesBuildPhase;
			buildActionMask = 2147483647;
			files = (
				4280C8D61934384600BA2570 /* InfoPlist.strings in Resources */,
			);
			runOnlyForDeploymentPostprocessing = 0;
		};
/* End PBXResourcesBuildPhase section */

/* Begin PBXSourcesBuildPhase section */
		4280C8A21934384600BA2570 /* Sources */ = {
			isa = PBXSourcesBuildPhase;
			buildActionMask = 2147483647;
			files = (
				4280C8C31934384600BA2570 /* ViewController.m in Sources */,
				4280C8BA1934384600BA2570 /* AppDelegate.m in Sources */,
				4280C8B61934384600BA2570 /* main.m in Sources */,
			);
			runOnlyForDeploymentPostprocessing = 0;
		};
		4280C8C61934384600BA2570 /* Sources */ = {
			isa = PBXSourcesBuildPhase;
			buildActionMask = 2147483647;
			files = (
				4280C8D81934384600BA2570 /* CardHeroesTests.m in Sources */,
			);
			runOnlyForDeploymentPostprocessing = 0;
		};
/* End PBXSourcesBuildPhase section */

/* Begin PBXTargetDependency section */
		4280C8D01934384600BA2570 /* PBXTargetDependency */ = {
			isa = PBXTargetDependency;
			target = 4280C8A51934384600BA2570 /* CardHeroes */;
			targetProxy = 4280C8CF1934384600BA2570 /* PBXContainerItemProxy */;
		};
/* End PBXTargetDependency section */

/* Begin PBXVariantGroup section */
		4280C8B21934384600BA2570 /* InfoPlist.strings */ = {
			isa = PBXVariantGroup;
			children = (
				4280C8B31934384600BA2570 /* en */,
			);
			name = InfoPlist.strings;
			sourceTree = "<group>";
		};
		4280C8BB1934384600BA2570 /* Main_iPhone.storyboard */ = {
			isa = PBXVariantGroup;
			children = (
				4280C8BC1934384600BA2570 /* Base */,
			);
			name = Main_iPhone.storyboard;
			sourceTree = "<group>";
		};
		4280C8BE1934384600BA2570 /* Main_iPad.storyboard */ = {
			isa = PBXVariantGroup;
			children = (
				4280C8BF1934384600BA2570 /* Base */,
			);
			name = Main_iPad.storyboard;
			sourceTree = "<group>";
		};
		4280C8D41934384600BA2570 /* InfoPlist.strings */ = {
			isa = PBXVariantGroup;
			children = (
				4280C8D51934384600BA2570 /* en */,
			);
			name = InfoPlist.strings;
			sourceTree = "<group>";
		};
/* End PBXVariantGroup section */

/* Begin XCBuildConfiguration section */
		4280C8D91934384600BA2570 /* Debug */ = {
			isa = XCBuildConfiguration;
			buildSettings = {
				ALWAYS_SEARCH_USER_PATHS = NO;
				CLANG_CXX_LANGUAGE_STANDARD = "gnu++0x";
				CLANG_CXX_LIBRARY = "libc++";
				CLANG_ENABLE_MODULES = YES;
				CLANG_ENABLE_OBJC_ARC = YES;
				CLANG_WARN_BOOL_CONVERSION = YES;
				CLANG_WARN_CONSTANT_CONVERSION = YES;
				CLANG_WARN_DIRECT_OBJC_ISA_USAGE = YES_ERROR;
				CLANG_WARN_EMPTY_BODY = YES;
				CLANG_WARN_ENUM_CONVERSION = YES;
				CLANG_WARN_INT_CONVERSION = YES;
				CLANG_WARN_OBJC_ROOT_CLASS = YES_ERROR;
				CLANG_WARN__DUPLICATE_METHOD_MATCH = YES;
				"CODE_SIGN_IDENTITY[sdk=iphoneos*]" = "iPhone Developer";
				COPY_PHASE_STRIP = NO;
				GCC_C_LANGUAGE_STANDARD = gnu99;
				GCC_DYNAMIC_NO_PIC = NO;
				GCC_OPTIMIZATION_LEVEL = 0;
				GCC_PREPROCESSOR_DEFINITIONS = (
					"DEBUG=1",
					"$(inherited)",
				);
				GCC_SYMBOLS_PRIVATE_EXTERN = NO;
				GCC_WARN_64_TO_32_BIT_CONVERSION = YES;
				GCC_WARN_ABOUT_RETURN_TYPE = YES_ERROR;
				GCC_WARN_UNDECLARED_SELECTOR = YES;
				GCC_WARN_UNINITIALIZED_AUTOS = YES_AGGRESSIVE;
				GCC_WARN_UNUSED_FUNCTION = YES;
				GCC_WARN_UNUSED_VARIABLE = YES;
				IPHONEOS_DEPLOYMENT_TARGET = 7.1;
				ONLY_ACTIVE_ARCH = YES;
				SDKROOT = iphoneos;
				TARGETED_DEVICE_FAMILY = "1,2";
			};
			name = Debug;
		};
		4280C8DA1934384600BA2570 /* Release */ = {
			isa = XCBuildConfiguration;
			buildSettings = {
				ALWAYS_SEARCH_USER_PATHS = NO;
				CLANG_CXX_LANGUAGE_STANDARD = "gnu++0x";
				CLANG_CXX_LIBRARY = "libc++";
				CLANG_ENABLE_MODULES = YES;
				CLANG_ENABLE_OBJC_ARC = YES;
				CLANG_WARN_BOOL_CONVERSION = YES;
				CLANG_WARN_CONSTANT_CONVERSION = YES;
				CLANG_WARN_DIRECT_OBJC_ISA_USAGE = YES_ERROR;
				CLANG_WARN_EMPTY_BODY = YES;
				CLANG_WARN_ENUM_CONVERSION = YES;
				CLANG_WARN_INT_CONVERSION = YES;
				CLANG_WARN_OBJC_ROOT_CLASS = YES_ERROR;
				CLANG_WARN__DUPLICATE_METHOD_MATCH = YES;
				"CODE_SIGN_IDENTITY[sdk=iphoneos*]" = "iPhone Developer";
				COPY_PHASE_STRIP = YES;
				ENABLE_NS_ASSERTIONS = NO;
				GCC_C_LANGUAGE_STANDARD = gnu99;
				GCC_WARN_64_TO_32_BIT_CONVERSION = YES;
				GCC_WARN_ABOUT_RETURN_TYPE = YES_ERROR;
				GCC_WARN_UNDECLARED_SELECTOR = YES;
				GCC_WARN_UNINITIALIZED_AUTOS = YES_AGGRESSIVE;
				GCC_WARN_UNUSED_FUNCTION = YES;
				GCC_WARN_UNUSED_VARIABLE = YES;
				IPHONEOS_DEPLOYMENT_TARGET = 7.1;
				SDKROOT = iphoneos;
				TARGETED_DEVICE_FAMILY = "1,2";
				VALIDATE_PRODUCT = YES;
			};
			name = Release;
		};
		4280C8DC1934384600BA2570 /* Debug */ = {
			isa = XCBuildConfiguration;
			buildSettings = {
				ASSETCATALOG_COMPILER_APPICON_NAME = AppIcon;
				ASSETCATALOG_COMPILER_LAUNCHIMAGE_NAME = LaunchImage;
				GCC_PRECOMPILE_PREFIX_HEADER = YES;
				GCC_PREFIX_HEADER = "CardHeroes/CardHeroes-Prefix.pch";
				INFOPLIST_FILE = "CardHeroes/CardHeroes-Info.plist";
				PRODUCT_NAME = "$(TARGET_NAME)";
				WRAPPER_EXTENSION = app;
			};
			name = Debug;
		};
		4280C8DD1934384600BA2570 /* Release */ = {
			isa = XCBuildConfiguration;
			buildSettings = {
				ASSETCATALOG_COMPILER_APPICON_NAME = AppIcon;
				ASSETCATALOG_COMPILER_LAUNCHIMAGE_NAME = LaunchImage;
				GCC_PRECOMPILE_PREFIX_HEADER = YES;
				GCC_PREFIX_HEADER = "CardHeroes/CardHeroes-Prefix.pch";
				INFOPLIST_FILE = "CardHeroes/CardHeroes-Info.plist";
				PRODUCT_NAME = "$(TARGET_NAME)";
				WRAPPER_EXTENSION = app;
			};
			name = Release;
		};
		4280C8DF1934384600BA2570 /* Debug */ = {
			isa = XCBuildConfiguration;
			buildSettings = {
				BUNDLE_LOADER = "$(BUILT_PRODUCTS_DIR)/CardHeroes.app/CardHeroes";
				FRAMEWORK_SEARCH_PATHS = (
					"$(SDKROOT)/Developer/Library/Frameworks",
					"$(inherited)",
					"$(DEVELOPER_FRAMEWORKS_DIR)",
				);
				GCC_PRECOMPILE_PREFIX_HEADER = YES;
				GCC_PREFIX_HEADER = "CardHeroes/CardHeroes-Prefix.pch";
				GCC_PREPROCESSOR_DEFINITIONS = (
					"DEBUG=1",
					"$(inherited)",
				);
				INFOPLIST_FILE = "CardHeroesTests/CardHeroesTests-Info.plist";
				PRODUCT_NAME = "$(TARGET_NAME)";
				TEST_HOST = "$(BUNDLE_LOADER)";
				WRAPPER_EXTENSION = xctest;
			};
			name = Debug;
		};
		4280C8E01934384600BA2570 /* Release */ = {
			isa = XCBuildConfiguration;
			buildSettings = {
				BUNDLE_LOADER = "$(BUILT_PRODUCTS_DIR)/CardHeroes.app/CardHeroes";
				FRAMEWORK_SEARCH_PATHS = (
					"$(SDKROOT)/Developer/Library/Frameworks",
					"$(inherited)",
					"$(DEVELOPER_FRAMEWORKS_DIR)",
				);
				GCC_PRECOMPILE_PREFIX_HEADER = YES;
				GCC_PREFIX_HEADER = "CardHeroes/CardHeroes-Prefix.pch";
				INFOPLIST_FILE = "CardHeroesTests/CardHeroesTests-Info.plist";
				PRODUCT_NAME = "$(TARGET_NAME)";
				TEST_HOST = "$(BUNDLE_LOADER)";
				WRAPPER_EXTENSION = xctest;
			};
			name = Release;
		};
/* End XCBuildConfiguration section */

/* Begin XCConfigurationList section */
		4280C8A11934384600BA2570 /* Build configuration list for PBXProject "CardHeroes" */ = {
			isa = XCConfigurationList;
			buildConfigurations = (
				4280C8D91934384600BA2570 /* Debug */,
				4280C8DA1934384600BA2570 /* Release */,
			);
			defaultConfigurationIsVisible = 0;
			defaultConfigurationName = Release;
		};
		4280C8DB1934384600BA2570 /* Build configuration list for PBXNativeTarget "CardHeroes" */ = {
			isa = XCConfigurationList;
			buildConfigurations = (
				4280C8DC1934384600BA2570 /* Debug */,
				4280C8DD1934384600BA2570 /* Release */,
			);
			defaultConfigurationIsVisible = 0;
		};
		4280C8DE1934384600BA2570 /* Build configuration list for PBXNativeTarget "CardHeroesTests" */ = {
			isa = XCConfigurationList;
			buildConfigurations = (
				4280C8DF1934384600BA2570 /* Debug */,
				4280C8E01934384600BA2570 /* Release */,
			);
			defaultConfigurationIsVisible = 0;
		};
/* End XCConfigurationList section */
	};
	rootObject = 4280C89E1934384600BA2570 /* Project object */;
}
